
Microsoft Visual Studio Solution File, Format Version 12.00
# Visual Studio Version 17
VisualStudioVersion = 17.10.34928.147
MinimumVisualStudioVersion = 10.0.40219.1
Project("{FAE04EC0-301F-11D3-BF4B-00C04F79EFBC}") = "UI.Windows", "UI.Windows\UI.Windows.csproj", "{D6BF5C3E-7EB5-4CA3-AE8A-F5D05ED03879}"
EndProject
Project("{FAE04EC0-301F-11D3-BF4B-00C04F79EFBC}") = "AccesoDatos", "AccesoDatos\AccesoDatos.csproj", "{7599A08C-2702-4305-9ED6-9E344769F350}"
EndProject
Project("{FAE04EC0-301F-11D3-BF4B-00C04F79EFBC}") = "Aplicacion", "Aplicacion\Aplicacion.csproj", "{49E78E94-6AF4-49A0-BD76-143D7B790136}"
EndProject
Project("{2150E333-8FDC-42A3-9474-1A3956D46DE8}") = "1.InterfazUsuario", "1.InterfazUsuario", "{8ACE9288-AA57-4ED8-BD67-AF9C89BE6E3F}"
EndProject
Project("{2150E333-8FDC-42A3-9474-1A3956D46DE8}") = "2.Aplicacion", "2.Aplicacion", "{654B7201-2CD8-46DE-9CA2-C878823CE32A}"
EndProject
Project("{2150E333-8FDC-42A3-9474-1A3956D46DE8}") = "3.Dominio", "3.Dominio", "{C6992608-CCA5-459E-BEEE-42087095C241}"
EndProject
Project("{2150E333-8FDC-42A3-9474-1A3956D46DE8}") = "4.Infraestructura", "4.Infraestructura", "{300536CE-C761-42D4-953D-213FA759382E}"
EndProject
Project("{FAE04EC0-301F-11D3-BF4B-00C04F79EFBC}") = "Aplicacion.DTO", "Aplicacion.DTO\Aplicacion.DTO.csproj", "{22D2A162-921C-4E43-9839-A156FA088254}"
EndProject
Project("{FAE04EC0-301F-11D3-BF4B-00C04F79EFBC}") = "Modelo", "Modelo\Modelo.csproj", "{FCD6F77F-3EA7-4746-8F9F-BDD02443C298}"
EndProject
Project("{FAE04EC0-301F-11D3-BF4B-00C04F79EFBC}") = "Servicio", "Servicio\Servicio.csproj", "{915488B2-F661-4E21-9944-46E068DB4538}"
EndProject
Project("{FAE04EC0-301F-11D3-BF4B-00C04F79EFBC}") = "CrossCuting", "CrossCuting\CrossCuting.csproj", "{9D0D01EB-A3D5-4C35-B05D-6478D427EEB6}"
EndProject
Project("{FAE04EC0-301F-11D3-BF4B-00C04F79EFBC}") = "ServicioEmail", "ServicioEmail\ServicioEmail.csproj", "{DA186342-8F8C-4637-9F53-079AC7345315}"
EndProject
Project("{FAE04EC0-301F-11D3-BF4B-00C04F79EFBC}") = "ServicioExterno", "ServicioExterno\ServicioExterno.csproj", "{560D66FD-5C88-4111-B2A6-CEA232004FCF}"
EndProject
Global
	GlobalSection(SolutionConfigurationPlatforms) = preSolution
		Debug|Any CPU = Debug|Any CPU
		Release|Any CPU = Release|Any CPU
	EndGlobalSection
	GlobalSection(ProjectConfigurationPlatforms) = postSolution
		{D6BF5C3E-7EB5-4CA3-AE8A-F5D05ED03879}.Debug|Any CPU.ActiveCfg = Debug|Any CPU
		{D6BF5C3E-7EB5-4CA3-AE8A-F5D05ED03879}.Debug|Any CPU.Build.0 = Debug|Any CPU
		{D6BF5C3E-7EB5-4CA3-AE8A-F5D05ED03879}.Release|Any CPU.ActiveCfg = Release|Any CPU
		{D6BF5C3E-7EB5-4CA3-AE8A-F5D05ED03879}.Release|Any CPU.Build.0 = Release|Any CPU
		{7599A08C-2702-4305-9ED6-9E344769F350}.Debug|Any CPU.ActiveCfg = Debug|Any CPU
		{7599A08C-2702-4305-9ED6-9E344769F350}.Debug|Any CPU.Build.0 = Debug|Any CPU
		{7599A08C-2702-4305-9ED6-9E344769F350}.Release|Any CPU.ActiveCfg = Release|Any CPU
		{7599A08C-2702-4305-9ED6-9E344769F350}.Release|Any CPU.Build.0 = Release|Any CPU
		{49E78E94-6AF4-49A0-BD76-143D7B790136}.Debug|Any CPU.ActiveCfg = Debug|Any CPU
		{49E78E94-6AF4-49A0-BD76-143D7B790136}.Debug|Any CPU.Build.0 = Debug|Any CPU
		{49E78E94-6AF4-49A0-BD76-143D7B790136}.Release|Any CPU.ActiveCfg = Release|Any CPU
		{49E78E94-6AF4-49A0-BD76-143D7B790136}.Release|Any CPU.Build.0 = Release|Any CPU
		{22D2A162-921C-4E43-9839-A156FA088254}.Debug|Any CPU.ActiveCfg = Debug|Any CPU
		{22D2A162-921C-4E43-9839-A156FA088254}.Debug|Any CPU.Build.0 = Debug|Any CPU
		{22D2A162-921C-4E43-9839-A156FA088254}.Release|Any CPU.ActiveCfg = Release|Any CPU
		{22D2A162-921C-4E43-9839-A156FA088254}.Release|Any CPU.Build.0 = Release|Any CPU
		{FCD6F77F-3EA7-4746-8F9F-BDD02443C298}.Debug|Any CPU.ActiveCfg = Debug|Any CPU
		{FCD6F77F-3EA7-4746-8F9F-BDD02443C298}.Debug|Any CPU.Build.0 = Debug|Any CPU
		{FCD6F77F-3EA7-4746-8F9F-BDD02443C298}.Release|Any CPU.ActiveCfg = Release|Any CPU
		{FCD6F77F-3EA7-4746-8F9F-BDD02443C298}.Release|Any CPU.Build.0 = Release|Any CPU
		{915488B2-F661-4E21-9944-46E068DB4538}.Debug|Any CPU.ActiveCfg = Debug|Any CPU
		{915488B2-F661-4E21-9944-46E068DB4538}.Debug|Any CPU.Build.0 = Debug|Any CPU
		{915488B2-F661-4E21-9944-46E068DB4538}.Release|Any CPU.ActiveCfg = Release|Any CPU
		{915488B2-F661-4E21-9944-46E068DB4538}.Release|Any CPU.Build.0 = Release|Any CPU
		{9D0D01EB-A3D5-4C35-B05D-6478D427EEB6}.Debug|Any CPU.ActiveCfg = Debug|Any CPU
		{9D0D01EB-A3D5-4C35-B05D-6478D427EEB6}.Debug|Any CPU.Build.0 = Debug|Any CPU
		{9D0D01EB-A3D5-4C35-B05D-6478D427EEB6}.Release|Any CPU.ActiveCfg = Release|Any CPU
		{9D0D01EB-A3D5-4C35-B05D-6478D427EEB6}.Release|Any CPU.Build.0 = Release|Any CPU
		{DA186342-8F8C-4637-9F53-079AC7345315}.Debug|Any CPU.ActiveCfg = Debug|Any CPU
		{DA186342-8F8C-4637-9F53-079AC7345315}.Debug|Any CPU.Build.0 = Debug|Any CPU
		{DA186342-8F8C-4637-9F53-079AC7345315}.Release|Any CPU.ActiveCfg = Release|Any CPU
		{DA186342-8F8C-4637-9F53-079AC7345315}.Release|Any CPU.Build.0 = Release|Any CPU
		{560D66FD-5C88-4111-B2A6-CEA232004FCF}.Debug|Any CPU.ActiveCfg = Debug|Any CPU
		{560D66FD-5C88-4111-B2A6-CEA232004FCF}.Debug|Any CPU.Build.0 = Debug|Any CPU
		{560D66FD-5C88-4111-B2A6-CEA232004FCF}.Release|Any CPU.ActiveCfg = Release|Any CPU
		{560D66FD-5C88-4111-B2A6-CEA232004FCF}.Release|Any CPU.Build.0 = Release|Any CPU
	EndGlobalSection
	GlobalSection(SolutionProperties) = preSolution
		HideSolutionNode = FALSE
	EndGlobalSection
	GlobalSection(NestedProjects) = preSolution
		{D6BF5C3E-7EB5-4CA3-AE8A-F5D05ED03879} = {8ACE9288-AA57-4ED8-BD67-AF9C89BE6E3F}
		{7599A08C-2702-4305-9ED6-9E344769F350} = {300536CE-C761-42D4-953D-213FA759382E}
		{49E78E94-6AF4-49A0-BD76-143D7B790136} = {654B7201-2CD8-46DE-9CA2-C878823CE32A}
		{22D2A162-921C-4E43-9839-A156FA088254} = {654B7201-2CD8-46DE-9CA2-C878823CE32A}
		{FCD6F77F-3EA7-4746-8F9F-BDD02443C298} = {C6992608-CCA5-459E-BEEE-42087095C241}
		{915488B2-F661-4E21-9944-46E068DB4538} = {C6992608-CCA5-459E-BEEE-42087095C241}
		{9D0D01EB-A3D5-4C35-B05D-6478D427EEB6} = {300536CE-C761-42D4-953D-213FA759382E}
		{DA186342-8F8C-4637-9F53-079AC7345315} = {300536CE-C761-42D4-953D-213FA759382E}
		{560D66FD-5C88-4111-B2A6-CEA232004FCF} = {300536CE-C761-42D4-953D-213FA759382E}
	EndGlobalSection
	GlobalSection(ExtensibilityGlobals) = postSolution
		SolutionGuid = {E2E9A74A-324C-49E0-9E70-2EF0E5B38A89}
	EndGlobalSection
EndGlobal
